
Microsoft Visual Studio Solution File, Format Version 12.00
# Visual Studio Version 17
VisualStudioVersion = 17.9.34701.34
MinimumVisualStudioVersion = 10.0.40219.1
Project("{9A19103F-16F7-4668-BE54-9A1E7A4F7556}") = "APIDataFetcher", "APIDataFetcher\APIDataFetcher.csproj", "{BD50D74E-8799-41E2-8BC4-50D8EE1BB141}"
EndProject
Global
	GlobalSection(SolutionConfigurationPlatforms) = preSolution
		Debug|Any CPU = Debug|Any CPU
		Release|Any CPU = Release|Any CPU
	EndGlobalSection
	GlobalSection(ProjectConfigurationPlatforms) = postSolution
		{BD50D74E-8799-41E2-8BC4-50D8EE1BB141}.Debug|Any CPU.ActiveCfg = Debug|Any CPU
		{BD50D74E-8799-41E2-8BC4-50D8EE1BB141}.Debug|Any CPU.Build.0 = Debug|Any CPU
		{BD50D74E-8799-41E2-8BC4-50D8EE1BB141}.Release|Any CPU.ActiveCfg = Release|Any CPU
		{BD50D74E-8799-41E2-8BC4-50D8EE1BB141}.Release|Any CPU.Build.0 = Release|Any CPU
	EndGlobalSection
	GlobalSection(SolutionProperties) = preSolution
		HideSolutionNode = FALSE
	EndGlobalSection
	GlobalSection(ExtensibilityGlobals) = postSolution
		SolutionGuid = {966BC14C-0AE0-4325-9FDF-7519E15FF86B}
	EndGlobalSection
EndGlobal
